# This file was autogenerated by Stack.
# You should not edit this file by hand.
# For more information, please see the documentation at:
#   https://docs.haskellstack.org/en/stable/lock_files

packages: []
snapshots:
- completed:
    sha256: c13093dadf5d8b43c919d4ff9fc0b2d84950b42d0387a332432bdde92c8cfbd4
    size: 423183
    url: https://raw.githubusercontent.com/commercialhaskell/stackage-snapshots/master/lts/7/14.yaml
  original: lts-7.14
